
Microsoft Visual Studio Solution File, Format Version 12.00
# Visual Studio Version 17
VisualStudioVersion = 17.8.34316.72
MinimumVisualStudioVersion = 10.0.40219.1
Project("{FAE04EC0-301F-11D3-BF4B-00C04F79EFBC}") = "FuncActionPredicateExamples", "FuncActionPredicateExamples\FuncActionPredicateExamples.csproj", "{6334BB77-67E0-4511-B15F-2E688AFDCDA8}"
EndProject
Global
	GlobalSection(SolutionConfigurationPlatforms) = preSolution
		Debug|Any CPU = Debug|Any CPU
		Release|Any CPU = Release|Any CPU
	EndGlobalSection
	GlobalSection(ProjectConfigurationPlatforms) = postSolution
		{6334BB77-67E0-4511-B15F-2E688AFDCDA8}.Debug|Any CPU.ActiveCfg = Debug|Any CPU
		{6334BB77-67E0-4511-B15F-2E688AFDCDA8}.Debug|Any CPU.Build.0 = Debug|Any CPU
		{6334BB77-67E0-4511-B15F-2E688AFDCDA8}.Release|Any CPU.ActiveCfg = Release|Any CPU
		{6334BB77-67E0-4511-B15F-2E688AFDCDA8}.Release|Any CPU.Build.0 = Release|Any CPU
	EndGlobalSection
	GlobalSection(SolutionProperties) = preSolution
		HideSolutionNode = FALSE
	EndGlobalSection
	GlobalSection(ExtensibilityGlobals) = postSolution
		SolutionGuid = {62508229-A621-4BBB-93DD-9F1EE21EB377}
	EndGlobalSection
EndGlobal
